
Microsoft Visual Studio Solution File, Format Version 12.00
# Visual Studio Version 17
VisualStudioVersion = 17.8.34601.278
MinimumVisualStudioVersion = 10.0.40219.1
Project("{8BC9CEB8-8B4A-11D0-8D11-00A0C91BC942}") = "books sorterer", "books sorterer.vcxproj", "{AD93EFEC-1837-403F-95E5-3CD453300485}"
EndProject
Global
	GlobalSection(SolutionConfigurationPlatforms) = preSolution
		Debug|x64 = Debug|x64
		Debug|x86 = Debug|x86
		Release|x64 = Release|x64
		Release|x86 = Release|x86
	EndGlobalSection
	GlobalSection(ProjectConfigurationPlatforms) = postSolution
		{AD93EFEC-1837-403F-95E5-3CD453300485}.Debug|x64.ActiveCfg = Debug|x64
		{AD93EFEC-1837-403F-95E5-3CD453300485}.Debug|x64.Build.0 = Debug|x64
		{AD93EFEC-1837-403F-95E5-3CD453300485}.Debug|x86.ActiveCfg = Debug|Win32
		{AD93EFEC-1837-403F-95E5-3CD453300485}.Debug|x86.Build.0 = Debug|Win32
		{AD93EFEC-1837-403F-95E5-3CD453300485}.Release|x64.ActiveCfg = Release|x64
		{AD93EFEC-1837-403F-95E5-3CD453300485}.Release|x64.Build.0 = Release|x64
		{AD93EFEC-1837-403F-95E5-3CD453300485}.Release|x86.ActiveCfg = Release|Win32
		{AD93EFEC-1837-403F-95E5-3CD453300485}.Release|x86.Build.0 = Release|Win32
	EndGlobalSection
	GlobalSection(SolutionProperties) = preSolution
		HideSolutionNode = FALSE
	EndGlobalSection
	GlobalSection(ExtensibilityGlobals) = postSolution
		SolutionGuid = {75C062DA-DC26-48F0-A983-A19B876CD98B}
	EndGlobalSection
EndGlobal
