
Microsoft Visual Studio Solution File, Format Version 12.00
# Visual Studio Version 17
VisualStudioVersion = 17.5.33530.505
MinimumVisualStudioVersion = 10.0.40219.1
Project("{8BC9CEB8-8B4A-11D0-8D11-00A0C91BC942}") = "task-05", "task-05\task-05.vcxproj", "{B108467D-0B39-4347-98B8-A431EAE3FCC5}"
EndProject
Global
	GlobalSection(SolutionConfigurationPlatforms) = preSolution
		Debug|x64 = Debug|x64
		Debug|x86 = Debug|x86
		Release|x64 = Release|x64
		Release|x86 = Release|x86
	EndGlobalSection
	GlobalSection(ProjectConfigurationPlatforms) = postSolution
		{B108467D-0B39-4347-98B8-A431EAE3FCC5}.Debug|x64.ActiveCfg = Debug|x64
		{B108467D-0B39-4347-98B8-A431EAE3FCC5}.Debug|x64.Build.0 = Debug|x64
		{B108467D-0B39-4347-98B8-A431EAE3FCC5}.Debug|x86.ActiveCfg = Debug|Win32
		{B108467D-0B39-4347-98B8-A431EAE3FCC5}.Debug|x86.Build.0 = Debug|Win32
		{B108467D-0B39-4347-98B8-A431EAE3FCC5}.Release|x64.ActiveCfg = Release|x64
		{B108467D-0B39-4347-98B8-A431EAE3FCC5}.Release|x64.Build.0 = Release|x64
		{B108467D-0B39-4347-98B8-A431EAE3FCC5}.Release|x86.ActiveCfg = Release|Win32
		{B108467D-0B39-4347-98B8-A431EAE3FCC5}.Release|x86.Build.0 = Release|Win32
	EndGlobalSection
	GlobalSection(SolutionProperties) = preSolution
		HideSolutionNode = FALSE
	EndGlobalSection
	GlobalSection(ExtensibilityGlobals) = postSolution
		SolutionGuid = {AE941CB0-B215-4CA2-94A5-C7E6F24FB536}
	EndGlobalSection
EndGlobal
