
Microsoft Visual Studio Solution File, Format Version 12.00
# Visual Studio Version 17
VisualStudioVersion = 17.5.33530.505
MinimumVisualStudioVersion = 10.0.40219.1
Project("{8BC9CEB8-8B4A-11D0-8D11-00A0C91BC942}") = "Task02", "Task02\Task02.vcxproj", "{510E03E4-F5BC-425B-B564-356A972B34A4}"
EndProject
Global
	GlobalSection(SolutionConfigurationPlatforms) = preSolution
		Debug|x64 = Debug|x64
		Debug|x86 = Debug|x86
		Release|x64 = Release|x64
		Release|x86 = Release|x86
	EndGlobalSection
	GlobalSection(ProjectConfigurationPlatforms) = postSolution
		{510E03E4-F5BC-425B-B564-356A972B34A4}.Debug|x64.ActiveCfg = Debug|x64
		{510E03E4-F5BC-425B-B564-356A972B34A4}.Debug|x64.Build.0 = Debug|x64
		{510E03E4-F5BC-425B-B564-356A972B34A4}.Debug|x86.ActiveCfg = Debug|Win32
		{510E03E4-F5BC-425B-B564-356A972B34A4}.Debug|x86.Build.0 = Debug|Win32
		{510E03E4-F5BC-425B-B564-356A972B34A4}.Release|x64.ActiveCfg = Release|x64
		{510E03E4-F5BC-425B-B564-356A972B34A4}.Release|x64.Build.0 = Release|x64
		{510E03E4-F5BC-425B-B564-356A972B34A4}.Release|x86.ActiveCfg = Release|Win32
		{510E03E4-F5BC-425B-B564-356A972B34A4}.Release|x86.Build.0 = Release|Win32
	EndGlobalSection
	GlobalSection(SolutionProperties) = preSolution
		HideSolutionNode = FALSE
	EndGlobalSection
	GlobalSection(ExtensibilityGlobals) = postSolution
		SolutionGuid = {3FE5848F-C3D7-4E75-96B0-12D5F44038A9}
	EndGlobalSection
EndGlobal
